
Microsoft Visual Studio Solution File, Format Version 12.00
# Visual Studio Version 16
VisualStudioVersion = 16.0.29926.136
MinimumVisualStudioVersion = 15.0.26124.0
Project("{9A19103F-16F7-4668-BE54-9A1E7A4F7556}") = "Effort.Test", "ee-test\Effort.Test.csproj", "{AB497631-7C6F-4E46-9090-378F644CE9A9}"
EndProject
Project("{9A19103F-16F7-4668-BE54-9A1E7A4F7556}") = "SuperMarioRpg.Test", "super-mario-rpg-test\SuperMarioRpg.Test.csproj", "{59C7AE3C-DCEB-43C3-BEE7-2753969AC840}"
EndProject
Project("{9A19103F-16F7-4668-BE54-9A1E7A4F7556}") = "SuperMarioRpg", "super-mario-rpg\SuperMarioRpg.csproj", "{1F260A51-2E66-4DC8-8300-91A0B96552D0}"
EndProject
Project("{9A19103F-16F7-4668-BE54-9A1E7A4F7556}") = "Effort", "ee\Effort.csproj", "{36AA6703-4FD5-479F-8228-D5704930AA9D}"
EndProject
Project("{FAE04EC0-301F-11D3-BF4B-00C04F79EFBC}") = "SuperMarioRpg.Wpf", "SuperMarioRpg.Wpf\SuperMarioRpg.Wpf.csproj", "{FB0E956C-4B70-419C-8780-5BA679675DAF}"
EndProject
Global
	GlobalSection(SolutionConfigurationPlatforms) = preSolution
		Debug|Any CPU = Debug|Any CPU
		Debug|x64 = Debug|x64
		Debug|x86 = Debug|x86
		Release|Any CPU = Release|Any CPU
		Release|x64 = Release|x64
		Release|x86 = Release|x86
	EndGlobalSection
	GlobalSection(ProjectConfigurationPlatforms) = postSolution
		{AB497631-7C6F-4E46-9090-378F644CE9A9}.Debug|Any CPU.ActiveCfg = Debug|Any CPU
		{AB497631-7C6F-4E46-9090-378F644CE9A9}.Debug|Any CPU.Build.0 = Debug|Any CPU
		{AB497631-7C6F-4E46-9090-378F644CE9A9}.Debug|x64.ActiveCfg = Debug|Any CPU
		{AB497631-7C6F-4E46-9090-378F644CE9A9}.Debug|x64.Build.0 = Debug|Any CPU
		{AB497631-7C6F-4E46-9090-378F644CE9A9}.Debug|x86.ActiveCfg = Debug|Any CPU
		{AB497631-7C6F-4E46-9090-378F644CE9A9}.Debug|x86.Build.0 = Debug|Any CPU
		{AB497631-7C6F-4E46-9090-378F644CE9A9}.Release|Any CPU.ActiveCfg = Release|Any CPU
		{AB497631-7C6F-4E46-9090-378F644CE9A9}.Release|Any CPU.Build.0 = Release|Any CPU
		{AB497631-7C6F-4E46-9090-378F644CE9A9}.Release|x64.ActiveCfg = Release|Any CPU
		{AB497631-7C6F-4E46-9090-378F644CE9A9}.Release|x64.Build.0 = Release|Any CPU
		{AB497631-7C6F-4E46-9090-378F644CE9A9}.Release|x86.ActiveCfg = Release|Any CPU
		{AB497631-7C6F-4E46-9090-378F644CE9A9}.Release|x86.Build.0 = Release|Any CPU
		{59C7AE3C-DCEB-43C3-BEE7-2753969AC840}.Debug|Any CPU.ActiveCfg = Debug|Any CPU
		{59C7AE3C-DCEB-43C3-BEE7-2753969AC840}.Debug|Any CPU.Build.0 = Debug|Any CPU
		{59C7AE3C-DCEB-43C3-BEE7-2753969AC840}.Debug|x64.ActiveCfg = Debug|Any CPU
		{59C7AE3C-DCEB-43C3-BEE7-2753969AC840}.Debug|x64.Build.0 = Debug|Any CPU
		{59C7AE3C-DCEB-43C3-BEE7-2753969AC840}.Debug|x86.ActiveCfg = Debug|Any CPU
		{59C7AE3C-DCEB-43C3-BEE7-2753969AC840}.Debug|x86.Build.0 = Debug|Any CPU
		{59C7AE3C-DCEB-43C3-BEE7-2753969AC840}.Release|Any CPU.ActiveCfg = Release|Any CPU
		{59C7AE3C-DCEB-43C3-BEE7-2753969AC840}.Release|Any CPU.Build.0 = Release|Any CPU
		{59C7AE3C-DCEB-43C3-BEE7-2753969AC840}.Release|x64.ActiveCfg = Release|Any CPU
		{59C7AE3C-DCEB-43C3-BEE7-2753969AC840}.Release|x64.Build.0 = Release|Any CPU
		{59C7AE3C-DCEB-43C3-BEE7-2753969AC840}.Release|x86.ActiveCfg = Release|Any CPU
		{59C7AE3C-DCEB-43C3-BEE7-2753969AC840}.Release|x86.Build.0 = Release|Any CPU
		{1F260A51-2E66-4DC8-8300-91A0B96552D0}.Debug|Any CPU.ActiveCfg = Debug|Any CPU
		{1F260A51-2E66-4DC8-8300-91A0B96552D0}.Debug|Any CPU.Build.0 = Debug|Any CPU
		{1F260A51-2E66-4DC8-8300-91A0B96552D0}.Debug|x64.ActiveCfg = Debug|Any CPU
		{1F260A51-2E66-4DC8-8300-91A0B96552D0}.Debug|x64.Build.0 = Debug|Any CPU
		{1F260A51-2E66-4DC8-8300-91A0B96552D0}.Debug|x86.ActiveCfg = Debug|Any CPU
		{1F260A51-2E66-4DC8-8300-91A0B96552D0}.Debug|x86.Build.0 = Debug|Any CPU
		{1F260A51-2E66-4DC8-8300-91A0B96552D0}.Release|Any CPU.ActiveCfg = Release|Any CPU
		{1F260A51-2E66-4DC8-8300-91A0B96552D0}.Release|Any CPU.Build.0 = Release|Any CPU
		{1F260A51-2E66-4DC8-8300-91A0B96552D0}.Release|x64.ActiveCfg = Release|Any CPU
		{1F260A51-2E66-4DC8-8300-91A0B96552D0}.Release|x64.Build.0 = Release|Any CPU
		{1F260A51-2E66-4DC8-8300-91A0B96552D0}.Release|x86.ActiveCfg = Release|Any CPU
		{1F260A51-2E66-4DC8-8300-91A0B96552D0}.Release|x86.Build.0 = Release|Any CPU
		{36AA6703-4FD5-479F-8228-D5704930AA9D}.Debug|Any CPU.ActiveCfg = Debug|Any CPU
		{36AA6703-4FD5-479F-8228-D5704930AA9D}.Debug|Any CPU.Build.0 = Debug|Any CPU
		{36AA6703-4FD5-479F-8228-D5704930AA9D}.Debug|x64.ActiveCfg = Debug|Any CPU
		{36AA6703-4FD5-479F-8228-D5704930AA9D}.Debug|x64.Build.0 = Debug|Any CPU
		{36AA6703-4FD5-479F-8228-D5704930AA9D}.Debug|x86.ActiveCfg = Debug|Any CPU
		{36AA6703-4FD5-479F-8228-D5704930AA9D}.Debug|x86.Build.0 = Debug|Any CPU
		{36AA6703-4FD5-479F-8228-D5704930AA9D}.Release|Any CPU.ActiveCfg = Release|Any CPU
		{36AA6703-4FD5-479F-8228-D5704930AA9D}.Release|Any CPU.Build.0 = Release|Any CPU
		{36AA6703-4FD5-479F-8228-D5704930AA9D}.Release|x64.ActiveCfg = Release|Any CPU
		{36AA6703-4FD5-479F-8228-D5704930AA9D}.Release|x64.Build.0 = Release|Any CPU
		{36AA6703-4FD5-479F-8228-D5704930AA9D}.Release|x86.ActiveCfg = Release|Any CPU
		{36AA6703-4FD5-479F-8228-D5704930AA9D}.Release|x86.Build.0 = Release|Any CPU
		{FB0E956C-4B70-419C-8780-5BA679675DAF}.Debug|Any CPU.ActiveCfg = Debug|Any CPU
		{FB0E956C-4B70-419C-8780-5BA679675DAF}.Debug|Any CPU.Build.0 = Debug|Any CPU
		{FB0E956C-4B70-419C-8780-5BA679675DAF}.Debug|x64.ActiveCfg = Debug|Any CPU
		{FB0E956C-4B70-419C-8780-5BA679675DAF}.Debug|x64.Build.0 = Debug|Any CPU
		{FB0E956C-4B70-419C-8780-5BA679675DAF}.Debug|x86.ActiveCfg = Debug|Any CPU
		{FB0E956C-4B70-419C-8780-5BA679675DAF}.Debug|x86.Build.0 = Debug|Any CPU
		{FB0E956C-4B70-419C-8780-5BA679675DAF}.Release|Any CPU.ActiveCfg = Release|Any CPU
		{FB0E956C-4B70-419C-8780-5BA679675DAF}.Release|Any CPU.Build.0 = Release|Any CPU
		{FB0E956C-4B70-419C-8780-5BA679675DAF}.Release|x64.ActiveCfg = Release|Any CPU
		{FB0E956C-4B70-419C-8780-5BA679675DAF}.Release|x64.Build.0 = Release|Any CPU
		{FB0E956C-4B70-419C-8780-5BA679675DAF}.Release|x86.ActiveCfg = Release|Any CPU
		{FB0E956C-4B70-419C-8780-5BA679675DAF}.Release|x86.Build.0 = Release|Any CPU
	EndGlobalSection
	GlobalSection(SolutionProperties) = preSolution
		HideSolutionNode = FALSE
	EndGlobalSection
	GlobalSection(ExtensibilityGlobals) = postSolution
		SolutionGuid = {DB219336-6540-4720-BC3B-6A42D018B888}
	EndGlobalSection
EndGlobal
