
Microsoft Visual Studio Solution File, Format Version 12.00
# Visual Studio Version 16
VisualStudioVersion = 16.0.29926.136
MinimumVisualStudioVersion = 15.0.26124.0
Project("{9A19103F-16F7-4668-BE54-9A1E7A4F7556}") = "Effort.Test", "ee-test\Effort.Test.csproj", "{AB497631-7C6F-4E46-9090-378F644CE9A9}"
EndProject
Project("{9A19103F-16F7-4668-BE54-9A1E7A4F7556}") = "SuperMarioRpg.Test", "super-mario-rpg-test\SuperMarioRpg.Test.csproj", "{59C7AE3C-DCEB-43C3-BEE7-2753969AC840}"
EndProject
Project("{9A19103F-16F7-4668-BE54-9A1E7A4F7556}") = "SuperMarioRpg", "super-mario-rpg\SuperMarioRpg.csproj", "{1F260A51-2E66-4DC8-8300-91A0B96552D0}"
EndProject
Project("{9A19103F-16F7-4668-BE54-9A1E7A4F7556}") = "Effort", "ee\Effort.csproj", "{36AA6703-4FD5-479F-8228-D5704930AA9D}"
EndProject
Project("{9A19103F-16F7-4668-BE54-9A1E7A4F7556}") = "SuperMarioRpg.Wpf", "SuperMarioRpg.Wpf\SuperMarioRpg.Wpf.csproj", "{FB0E956C-4B70-419C-8780-5BA679675DAF}"
EndProject
Project("{9A19103F-16F7-4668-BE54-9A1E7A4F7556}") = "SuperMarioRpg.Application", "super-mario-rpg-application\SuperMarioRpg.Application.csproj", "{61A0EFD0-38CC-4408-9C40-A708A1AE1705}"
EndProject
Project("{9A19103F-16F7-4668-BE54-9A1E7A4F7556}") = "SuperMarioRpg.WebApi", "super-mario-rpg-web-api\SuperMarioRpg.WebApi.csproj", "{C17355CB-6533-41E3-A7B1-420F8DF5A6CC}"
EndProject
Project("{2150E333-8FDC-42A3-9474-1A3956D46DE8}") = "3. Shell", "3. Shell", "{D22C2133-2C95-475F-B044-742030FF5505}"
EndProject
Project("{2150E333-8FDC-42A3-9474-1A3956D46DE8}") = "1. Domain", "1. Domain", "{07619FD7-2023-4E32-A23F-CB2D5C32B2C7}"
EndProject
Project("{2150E333-8FDC-42A3-9474-1A3956D46DE8}") = "NewFolder1", "NewFolder1", "{9837A2BE-8CB8-4ABC-8699-B539B39CD6CB}"
EndProject
Global
	GlobalSection(SolutionConfigurationPlatforms) = preSolution
		Debug|Any CPU = Debug|Any CPU
		Debug|x64 = Debug|x64
		Debug|x86 = Debug|x86
		Release|Any CPU = Release|Any CPU
		Release|x64 = Release|x64
		Release|x86 = Release|x86
	EndGlobalSection
	GlobalSection(ProjectConfigurationPlatforms) = postSolution
		{AB497631-7C6F-4E46-9090-378F644CE9A9}.Debug|Any CPU.ActiveCfg = Debug|Any CPU
		{AB497631-7C6F-4E46-9090-378F644CE9A9}.Debug|Any CPU.Build.0 = Debug|Any CPU
		{AB497631-7C6F-4E46-9090-378F644CE9A9}.Debug|x64.ActiveCfg = Debug|Any CPU
		{AB497631-7C6F-4E46-9090-378F644CE9A9}.Debug|x64.Build.0 = Debug|Any CPU
		{AB497631-7C6F-4E46-9090-378F644CE9A9}.Debug|x86.ActiveCfg = Debug|Any CPU
		{AB497631-7C6F-4E46-9090-378F644CE9A9}.Debug|x86.Build.0 = Debug|Any CPU
		{AB497631-7C6F-4E46-9090-378F644CE9A9}.Release|Any CPU.ActiveCfg = Release|Any CPU
		{AB497631-7C6F-4E46-9090-378F644CE9A9}.Release|Any CPU.Build.0 = Release|Any CPU
		{AB497631-7C6F-4E46-9090-378F644CE9A9}.Release|x64.ActiveCfg = Release|Any CPU
		{AB497631-7C6F-4E46-9090-378F644CE9A9}.Release|x64.Build.0 = Release|Any CPU
		{AB497631-7C6F-4E46-9090-378F644CE9A9}.Release|x86.ActiveCfg = Release|Any CPU
		{AB497631-7C6F-4E46-9090-378F644CE9A9}.Release|x86.Build.0 = Release|Any CPU
		{59C7AE3C-DCEB-43C3-BEE7-2753969AC840}.Debug|Any CPU.ActiveCfg = Debug|Any CPU
		{59C7AE3C-DCEB-43C3-BEE7-2753969AC840}.Debug|Any CPU.Build.0 = Debug|Any CPU
		{59C7AE3C-DCEB-43C3-BEE7-2753969AC840}.Debug|x64.ActiveCfg = Debug|Any CPU
		{59C7AE3C-DCEB-43C3-BEE7-2753969AC840}.Debug|x64.Build.0 = Debug|Any CPU
		{59C7AE3C-DCEB-43C3-BEE7-2753969AC840}.Debug|x86.ActiveCfg = Debug|Any CPU
		{59C7AE3C-DCEB-43C3-BEE7-2753969AC840}.Debug|x86.Build.0 = Debug|Any CPU
		{59C7AE3C-DCEB-43C3-BEE7-2753969AC840}.Release|Any CPU.ActiveCfg = Release|Any CPU
		{59C7AE3C-DCEB-43C3-BEE7-2753969AC840}.Release|Any CPU.Build.0 = Release|Any CPU
		{59C7AE3C-DCEB-43C3-BEE7-2753969AC840}.Release|x64.ActiveCfg = Release|Any CPU
		{59C7AE3C-DCEB-43C3-BEE7-2753969AC840}.Release|x64.Build.0 = Release|Any CPU
		{59C7AE3C-DCEB-43C3-BEE7-2753969AC840}.Release|x86.ActiveCfg = Release|Any CPU
		{59C7AE3C-DCEB-43C3-BEE7-2753969AC840}.Release|x86.Build.0 = Release|Any CPU
		{1F260A51-2E66-4DC8-8300-91A0B96552D0}.Debug|Any CPU.ActiveCfg = Debug|Any CPU
		{1F260A51-2E66-4DC8-8300-91A0B96552D0}.Debug|Any CPU.Build.0 = Debug|Any CPU
		{1F260A51-2E66-4DC8-8300-91A0B96552D0}.Debug|x64.ActiveCfg = Debug|Any CPU
		{1F260A51-2E66-4DC8-8300-91A0B96552D0}.Debug|x64.Build.0 = Debug|Any CPU
		{1F260A51-2E66-4DC8-8300-91A0B96552D0}.Debug|x86.ActiveCfg = Debug|Any CPU
		{1F260A51-2E66-4DC8-8300-91A0B96552D0}.Debug|x86.Build.0 = Debug|Any CPU
		{1F260A51-2E66-4DC8-8300-91A0B96552D0}.Release|Any CPU.ActiveCfg = Release|Any CPU
		{1F260A51-2E66-4DC8-8300-91A0B96552D0}.Release|Any CPU.Build.0 = Release|Any CPU
		{1F260A51-2E66-4DC8-8300-91A0B96552D0}.Release|x64.ActiveCfg = Release|Any CPU
		{1F260A51-2E66-4DC8-8300-91A0B96552D0}.Release|x64.Build.0 = Release|Any CPU
		{1F260A51-2E66-4DC8-8300-91A0B96552D0}.Release|x86.ActiveCfg = Release|Any CPU
		{1F260A51-2E66-4DC8-8300-91A0B96552D0}.Release|x86.Build.0 = Release|Any CPU
		{36AA6703-4FD5-479F-8228-D5704930AA9D}.Debug|Any CPU.ActiveCfg = Debug|Any CPU
		{36AA6703-4FD5-479F-8228-D5704930AA9D}.Debug|Any CPU.Build.0 = Debug|Any CPU
		{36AA6703-4FD5-479F-8228-D5704930AA9D}.Debug|x64.ActiveCfg = Debug|Any CPU
		{36AA6703-4FD5-479F-8228-D5704930AA9D}.Debug|x64.Build.0 = Debug|Any CPU
		{36AA6703-4FD5-479F-8228-D5704930AA9D}.Debug|x86.ActiveCfg = Debug|Any CPU
		{36AA6703-4FD5-479F-8228-D5704930AA9D}.Debug|x86.Build.0 = Debug|Any CPU
		{36AA6703-4FD5-479F-8228-D5704930AA9D}.Release|Any CPU.ActiveCfg = Release|Any CPU
		{36AA6703-4FD5-479F-8228-D5704930AA9D}.Release|Any CPU.Build.0 = Release|Any CPU
		{36AA6703-4FD5-479F-8228-D5704930AA9D}.Release|x64.ActiveCfg = Release|Any CPU
		{36AA6703-4FD5-479F-8228-D5704930AA9D}.Release|x64.Build.0 = Release|Any CPU
		{36AA6703-4FD5-479F-8228-D5704930AA9D}.Release|x86.ActiveCfg = Release|Any CPU
		{36AA6703-4FD5-479F-8228-D5704930AA9D}.Release|x86.Build.0 = Release|Any CPU
		{FB0E956C-4B70-419C-8780-5BA679675DAF}.Debug|Any CPU.ActiveCfg = Debug|Any CPU
		{FB0E956C-4B70-419C-8780-5BA679675DAF}.Debug|Any CPU.Build.0 = Debug|Any CPU
		{FB0E956C-4B70-419C-8780-5BA679675DAF}.Debug|x64.ActiveCfg = Debug|Any CPU
		{FB0E956C-4B70-419C-8780-5BA679675DAF}.Debug|x64.Build.0 = Debug|Any CPU
		{FB0E956C-4B70-419C-8780-5BA679675DAF}.Debug|x86.ActiveCfg = Debug|Any CPU
		{FB0E956C-4B70-419C-8780-5BA679675DAF}.Debug|x86.Build.0 = Debug|Any CPU
		{FB0E956C-4B70-419C-8780-5BA679675DAF}.Release|Any CPU.ActiveCfg = Release|Any CPU
		{FB0E956C-4B70-419C-8780-5BA679675DAF}.Release|Any CPU.Build.0 = Release|Any CPU
		{FB0E956C-4B70-419C-8780-5BA679675DAF}.Release|x64.ActiveCfg = Release|Any CPU
		{FB0E956C-4B70-419C-8780-5BA679675DAF}.Release|x64.Build.0 = Release|Any CPU
		{FB0E956C-4B70-419C-8780-5BA679675DAF}.Release|x86.ActiveCfg = Release|Any CPU
		{FB0E956C-4B70-419C-8780-5BA679675DAF}.Release|x86.Build.0 = Release|Any CPU
		{61A0EFD0-38CC-4408-9C40-A708A1AE1705}.Debug|Any CPU.ActiveCfg = Debug|Any CPU
		{61A0EFD0-38CC-4408-9C40-A708A1AE1705}.Debug|Any CPU.Build.0 = Debug|Any CPU
		{61A0EFD0-38CC-4408-9C40-A708A1AE1705}.Debug|x64.ActiveCfg = Debug|Any CPU
		{61A0EFD0-38CC-4408-9C40-A708A1AE1705}.Debug|x64.Build.0 = Debug|Any CPU
		{61A0EFD0-38CC-4408-9C40-A708A1AE1705}.Debug|x86.ActiveCfg = Debug|Any CPU
		{61A0EFD0-38CC-4408-9C40-A708A1AE1705}.Debug|x86.Build.0 = Debug|Any CPU
		{61A0EFD0-38CC-4408-9C40-A708A1AE1705}.Release|Any CPU.ActiveCfg = Release|Any CPU
		{61A0EFD0-38CC-4408-9C40-A708A1AE1705}.Release|Any CPU.Build.0 = Release|Any CPU
		{61A0EFD0-38CC-4408-9C40-A708A1AE1705}.Release|x64.ActiveCfg = Release|Any CPU
		{61A0EFD0-38CC-4408-9C40-A708A1AE1705}.Release|x64.Build.0 = Release|Any CPU
		{61A0EFD0-38CC-4408-9C40-A708A1AE1705}.Release|x86.ActiveCfg = Release|Any CPU
		{61A0EFD0-38CC-4408-9C40-A708A1AE1705}.Release|x86.Build.0 = Release|Any CPU
		{C17355CB-6533-41E3-A7B1-420F8DF5A6CC}.Debug|Any CPU.ActiveCfg = Debug|Any CPU
		{C17355CB-6533-41E3-A7B1-420F8DF5A6CC}.Debug|Any CPU.Build.0 = Debug|Any CPU
		{C17355CB-6533-41E3-A7B1-420F8DF5A6CC}.Debug|x64.ActiveCfg = Debug|Any CPU
		{C17355CB-6533-41E3-A7B1-420F8DF5A6CC}.Debug|x64.Build.0 = Debug|Any CPU
		{C17355CB-6533-41E3-A7B1-420F8DF5A6CC}.Debug|x86.ActiveCfg = Debug|Any CPU
		{C17355CB-6533-41E3-A7B1-420F8DF5A6CC}.Debug|x86.Build.0 = Debug|Any CPU
		{C17355CB-6533-41E3-A7B1-420F8DF5A6CC}.Release|Any CPU.ActiveCfg = Release|Any CPU
		{C17355CB-6533-41E3-A7B1-420F8DF5A6CC}.Release|Any CPU.Build.0 = Release|Any CPU
		{C17355CB-6533-41E3-A7B1-420F8DF5A6CC}.Release|x64.ActiveCfg = Release|Any CPU
		{C17355CB-6533-41E3-A7B1-420F8DF5A6CC}.Release|x64.Build.0 = Release|Any CPU
		{C17355CB-6533-41E3-A7B1-420F8DF5A6CC}.Release|x86.ActiveCfg = Release|Any CPU
		{C17355CB-6533-41E3-A7B1-420F8DF5A6CC}.Release|x86.Build.0 = Release|Any CPU
	EndGlobalSection
	GlobalSection(SolutionProperties) = preSolution
		HideSolutionNode = FALSE
	EndGlobalSection
	GlobalSection(NestedProjects) = preSolution
		{AB497631-7C6F-4E46-9090-378F644CE9A9} = {D22C2133-2C95-475F-B044-742030FF5505}
		{59C7AE3C-DCEB-43C3-BEE7-2753969AC840} = {D22C2133-2C95-475F-B044-742030FF5505}
		{1F260A51-2E66-4DC8-8300-91A0B96552D0} = {07619FD7-2023-4E32-A23F-CB2D5C32B2C7}
		{36AA6703-4FD5-479F-8228-D5704930AA9D} = {07619FD7-2023-4E32-A23F-CB2D5C32B2C7}
		{FB0E956C-4B70-419C-8780-5BA679675DAF} = {D22C2133-2C95-475F-B044-742030FF5505}
		{C17355CB-6533-41E3-A7B1-420F8DF5A6CC} = {D22C2133-2C95-475F-B044-742030FF5505}
	EndGlobalSection
	GlobalSection(ExtensibilityGlobals) = postSolution
		SolutionGuid = {DB219336-6540-4720-BC3B-6A42D018B888}
	EndGlobalSection
EndGlobal
